
Microsoft Visual Studio Solution File, Format Version 12.00
Project("{FAE04EC0-301F-11D3-BF4B-00C04F79EFBC}") = "Assignment 2", "Assignment 2\Assignment 2.csproj", "{2EEC8DF8-FDAA-4044-88B3-0CD47F74F769}"
EndProject
Global
	GlobalSection(SolutionConfigurationPlatforms) = preSolution
		Debug|Any CPU = Debug|Any CPU
		Release|Any CPU = Release|Any CPU
	EndGlobalSection
	GlobalSection(ProjectConfigurationPlatforms) = postSolution
		{2EEC8DF8-FDAA-4044-88B3-0CD47F74F769}.Debug|Any CPU.ActiveCfg = Debug|Any CPU
		{2EEC8DF8-FDAA-4044-88B3-0CD47F74F769}.Debug|Any CPU.Build.0 = Debug|Any CPU
		{2EEC8DF8-FDAA-4044-88B3-0CD47F74F769}.Release|Any CPU.ActiveCfg = Release|Any CPU
		{2EEC8DF8-FDAA-4044-88B3-0CD47F74F769}.Release|Any CPU.Build.0 = Release|Any CPU
	EndGlobalSection
EndGlobal
